// !$*UTF8*$!
{
	archiveVersion = 1;
	classes = {
	};
	objectVersion = 46;
	objects = {

/* Begin PBXBuildFile section */
		62A427511B5A3C9700BB4AD9 /* AppDelegate.swift in Sources */ = {isa = PBXBuildFile; fileRef = 62A427501B5A3C9700BB4AD9 /* AppDelegate.swift */; };
		62A427531B5A3C9700BB4AD9 /* ViewController.swift in Sources */ = {isa = PBXBuildFile; fileRef = 62A427521B5A3C9700BB4AD9 /* ViewController.swift */; };
		62A427561B5A3C9700BB4AD9 /* Main.storyboard in Resources */ = {isa = PBXBuildFile; fileRef = 62A427541B5A3C9700BB4AD9 /* Main.storyboard */; };
		62A427581B5A3C9700BB4AD9 /* Assets.xcassets in Resources */ = {isa = PBXBuildFile; fileRef = 62A427571B5A3C9700BB4AD9 /* Assets.xcassets */; };
		62A4275B1B5A3C9700BB4AD9 /* LaunchScreen.storyboard in Resources */ = {isa = PBXBuildFile; fileRef = 62A427591B5A3C9700BB4AD9 /* LaunchScreen.storyboard */; };
/* End PBXBuildFile section */

/* Begin PBXFileReference section */
		62A4274D1B5A3C9700BB4AD9 /* ShadowVPN.app */ = {isa = PBXFileReference; explicitFileType = wrapper.application; includeInIndex = 0; path = ShadowVPN.app; sourceTree = BUILT_PRODUCTS_DIR; };
		62A427501B5A3C9700BB4AD9 /* AppDelegate.swift */ = {isa = PBXFileReference; lastKnownFileType = sourcecode.swift; path = AppDelegate.swift; sourceTree = "<group>"; };
		62A427521B5A3C9700BB4AD9 /* ViewController.swift */ = {isa = PBXFileReference; lastKnownFileType = sourcecode.swift; path = ViewController.swift; sourceTree = "<group>"; };
		62A427551B5A3C9700BB4AD9 /* Base */ = {isa = PBXFileReference; lastKnownFileType = file.storyboard; name = Base; path = Base.lproj/Main.storyboard; sourceTree = "<group>"; };
		62A427571B5A3C9700BB4AD9 /* Assets.xcassets */ = {isa = PBXFileReference; lastKnownFileType = folder.assetcatalog; path = Assets.xcassets; sourceTree = "<group>"; };
		62A4275A1B5A3C9700BB4AD9 /* Base */ = {isa = PBXFileReference; lastKnownFileType = file.storyboard; name = Base; path = Base.lproj/LaunchScreen.storyboard; sourceTree = "<group>"; };
		62A4275C1B5A3C9700BB4AD9 /* Info.plist */ = {isa = PBXFileReference; lastKnownFileType = text.plist.xml; path = Info.plist; sourceTree = "<group>"; };
/* End PBXFileReference section */

/* Begin PBXFrameworksBuildPhase section */
		62A4274A1B5A3C9700BB4AD9 /* Frameworks */ = {
			isa = PBXFrameworksBuildPhase;
			buildActionMask = 2147483647;
			files = (
			);
			runOnlyForDeploymentPostprocessing = 0;
		};
/* End PBXFrameworksBuildPhase section */

/* Begin PBXGroup section */
		62A427441B5A3C9700BB4AD9 = {
			isa = PBXGroup;
			children = (
				62A4274F1B5A3C9700BB4AD9 /* ShadowVPN */,
				62A4274E1B5A3C9700BB4AD9 /* Products */,
			);
			sourceTree = "<group>";
		};
		62A4274E1B5A3C9700BB4AD9 /* Products */ = {
			isa = PBXGroup;
			children = (
				62A4274D1B5A3C9700BB4AD9 /* ShadowVPN.app */,
			);
			name = Products;
			sourceTree = "<group>";
		};
		62A4274F1B5A3C9700BB4AD9 /* ShadowVPN */ = {
			isa = PBXGroup;
			children = (
				62A427501B5A3C9700BB4AD9 /* AppDelegate.swift */,
				62A427521B5A3C9700BB4AD9 /* ViewController.swift */,
				62A427541B5A3C9700BB4AD9 /* Main.storyboard */,
				62A427571B5A3C9700BB4AD9 /* Assets.xcassets */,
				62A427591B5A3C9700BB4AD9 /* LaunchScreen.storyboard */,
				62A4275C1B5A3C9700BB4AD9 /* Info.plist */,
			);
			path = ShadowVPN;
			sourceTree = "<group>";
		};
/* End PBXGroup section */

/* Begin PBXNativeTarget section */
		62A4274C1B5A3C9700BB4AD9 /* ShadowVPN */ = {
			isa = PBXNativeTarget;
			buildConfigurationList = 62A4275F1B5A3C9700BB4AD9 /* Build configuration list for PBXNativeTarget "ShadowVPN" */;
			buildPhases = (
				62A427491B5A3C9700BB4AD9 /* Sources */,
				62A4274A1B5A3C9700BB4AD9 /* Frameworks */,
				62A4274B1B5A3C9700BB4AD9 /* Resources */,
			);
			buildRules = (
			);
			dependencies = (
			);
			name = ShadowVPN;
			productName = ShadowVPN;
			productReference = 62A4274D1B5A3C9700BB4AD9 /* ShadowVPN.app */;
			productType = "com.apple.product-type.application";
		};
/* End PBXNativeTarget section */

/* Begin PBXProject section */
		62A427451B5A3C9700BB4AD9 /* Project object */ = {
			isa = PBXProject;
			attributes = {
				LastUpgradeCheck = 0700;
				ORGANIZATIONNAME = clowwindy;
				TargetAttributes = {
					62A4274C1B5A3C9700BB4AD9 = {
						CreatedOnToolsVersion = 7.0;
					};
				};
			};
			buildConfigurationList = 62A427481B5A3C9700BB4AD9 /* Build configuration list for PBXProject "ShadowVPN" */;
			compatibilityVersion = "Xcode 3.2";
			developmentRegion = English;
			hasScannedForEncodings = 0;
			knownRegions = (
				en,
				Base,
			);
			mainGroup = 62A427441B5A3C9700BB4AD9;
			productRefGroup = 62A4274E1B5A3C9700BB4AD9 /* Products */;
			projectDirPath = "";
			projectRoot = "";
			targets = (
				62A4274C1B5A3C9700BB4AD9 /* ShadowVPN */,
			);
		};
/* End PBXProject section */

/* Begin PBXResourcesBuildPhase section */
		62A4274B1B5A3C9700BB4AD9 /* Resources */ = {
			isa = PBXResourcesBuildPhase;
			buildActionMask = 2147483647;
			files = (
				62A4275B1B5A3C9700BB4AD9 /* LaunchScreen.storyboard in Resources */,
				62A427581B5A3C9700BB4AD9 /* Assets.xcassets in Resources */,
				62A427561B5A3C9700BB4AD9 /* Main.storyboard in Resources */,
			);
			runOnlyForDeploymentPostprocessing = 0;
		};
/* End PBXResourcesBuildPhase section */

/* Begin PBXSourcesBuildPhase section */
		62A427491B5A3C9700BB4AD9 /* Sources */ = {
			isa = PBXSourcesBuildPhase;
			buildActionMask = 2147483647;
			files = (
				62A427531B5A3C9700BB4AD9 /* ViewController.swift in Sources */,
				62A427511B5A3C9700BB4AD9 /* AppDelegate.swift in Sources */,
			);
			runOnlyForDeploymentPostprocessing = 0;
		};
/* End PBXSourcesBuildPhase section */

/* Begin PBXVariantGroup section */
		62A427541B5A3C9700BB4AD9 /* Main.storyboard */ = {
			isa = PBXVariantGroup;
			children = (
				62A427551B5A3C9700BB4AD9 /* Base */,
			);
			name = Main.storyboard;
			sourceTree = "<group>";
		};
		62A427591B5A3C9700BB4AD9 /* LaunchScreen.storyboard */ = {
			isa = PBXVariantGroup;
			children = (
				62A4275A1B5A3C9700BB4AD9 /* Base */,
			);
			name = LaunchScreen.storyboard;
			sourceTree = "<group>";
		};
/* End PBXVariantGroup section */

/* Begin XCBuildConfiguration section */
		62A4275D1B5A3C9700BB4AD9 /* Debug */ = {
			isa = XCBuildConfiguration;
			buildSettings = {
				ALWAYS_SEARCH_USER_PATHS = NO;
				CLANG_CXX_LANGUAGE_STANDARD = "gnu++0x";
				CLANG_CXX_LIBRARY = "libc++";
				CLANG_ENABLE_MODULES = YES;
				CLANG_ENABLE_OBJC_ARC = YES;
				CLANG_WARN_BOOL_CONVERSION = YES;
				CLANG_WARN_CONSTANT_CONVERSION = YES;
				CLANG_WARN_DIRECT_OBJC_ISA_USAGE = YES_ERROR;
				CLANG_WARN_EMPTY_BODY = YES;
				CLANG_WARN_ENUM_CONVERSION = YES;
				CLANG_WARN_INT_CONVERSION = YES;
				CLANG_WARN_OBJC_ROOT_CLASS = YES_ERROR;
				CLANG_WARN_UNREACHABLE_CODE = YES;
				CLANG_WARN__DUPLICATE_METHOD_MATCH = YES;
				"CODE_SIGN_IDENTITY[sdk=iphoneos*]" = "iPhone Developer";
				COPY_PHASE_STRIP = NO;
				DEBUG_INFORMATION_FORMAT = dwarf;
				ENABLE_STRICT_OBJC_MSGSEND = YES;
				ENABLE_TESTABILITY = YES;
				GCC_C_LANGUAGE_STANDARD = gnu99;
				GCC_DYNAMIC_NO_PIC = NO;
				GCC_NO_COMMON_BLOCKS = YES;
				GCC_OPTIMIZATION_LEVEL = 0;
				GCC_PREPROCESSOR_DEFINITIONS = (
					"DEBUG=1",
					"$(inherited)",
				);
				GCC_WARN_64_TO_32_BIT_CONVERSION = YES;
				GCC_WARN_ABOUT_RETURN_TYPE = YES_ERROR;
				GCC_WARN_UNDECLARED_SELECTOR = YES;
				GCC_WARN_UNINITIALIZED_AUTOS = YES_AGGRESSIVE;
				GCC_WARN_UNUSED_FUNCTION = YES;
				GCC_WARN_UNUSED_VARIABLE = YES;
				IPHONEOS_DEPLOYMENT_TARGET = 9.0;
				MTL_ENABLE_DEBUG_INFO = YES;
				ONLY_ACTIVE_ARCH = YES;
				SDKROOT = iphoneos;
				SWIFT_OPTIMIZATION_LEVEL = "-Onone";
				TARGETED_DEVICE_FAMILY = "1,2";
			};
			name = Debug;
		};
		62A4275E1B5A3C9700BB4AD9 /* Release */ = {
			isa = XCBuildConfiguration;
			buildSettings = {
				ALWAYS_SEARCH_USER_PATHS = NO;
				CLANG_CXX_LANGUAGE_STANDARD = "gnu++0x";
				CLANG_CXX_LIBRARY = "libc++";
				CLANG_ENABLE_MODULES = YES;
				CLANG_ENABLE_OBJC_ARC = YES;
				CLANG_WARN_BOOL_CONVERSION = YES;
				CLANG_WARN_CONSTANT_CONVERSION = YES;
				CLANG_WARN_DIRECT_OBJC_ISA_USAGE = YES_ERROR;
				CLANG_WARN_EMPTY_BODY = YES;
				CLANG_WARN_ENUM_CONVERSION = YES;
				CLANG_WARN_INT_CONVERSION = YES;
				CLANG_WARN_OBJC_ROOT_CLASS = YES_ERROR;
				CLANG_WARN_UNREACHABLE_CODE = YES;
				CLANG_WARN__DUPLICATE_METHOD_MATCH = YES;
				"CODE_SIGN_IDENTITY[sdk=iphoneos*]" = "iPhone Developer";
				COPY_PHASE_STRIP = NO;
				DEBUG_INFORMATION_FORMAT = "dwarf-with-dsym";
				ENABLE_NS_ASSERTIONS = NO;
				ENABLE_STRICT_OBJC_MSGSEND = YES;
				GCC_C_LANGUAGE_STANDARD = gnu99;
				GCC_NO_COMMON_BLOCKS = YES;
				GCC_WARN_64_TO_32_BIT_CONVERSION = YES;
				GCC_WARN_ABOUT_RETURN_TYPE = YES_ERROR;
				GCC_WARN_UNDECLARED_SELECTOR = YES;
				GCC_WARN_UNINITIALIZED_AUTOS = YES_AGGRESSIVE;
				GCC_WARN_UNUSED_FUNCTION = YES;
				GCC_WARN_UNUSED_VARIABLE = YES;
				IPHONEOS_DEPLOYMENT_TARGET = 9.0;
				MTL_ENABLE_DEBUG_INFO = NO;
				SDKROOT = iphoneos;
				TARGETED_DEVICE_FAMILY = "1,2";
				VALIDATE_PRODUCT = YES;
			};
			name = Release;
		};
		62A427601B5A3C9700BB4AD9 /* Debug */ = {
			isa = XCBuildConfiguration;
			buildSettings = {
				ASSETCATALOG_COMPILER_APPICON_NAME = AppIcon;
				INFOPLIST_FILE = ShadowVPN/Info.plist;
				LD_RUNPATH_SEARCH_PATHS = "$(inherited) @executable_path/Frameworks";
				PRODUCT_BUNDLE_IDENTIFIER = clowwindy.ShadowVPN;
				PRODUCT_NAME = "$(TARGET_NAME)";
			};
			name = Debug;
		};
		62A427611B5A3C9700BB4AD9 /* Release */ = {
			isa = XCBuildConfiguration;
			buildSettings = {
				ASSETCATALOG_COMPILER_APPICON_NAME = AppIcon;
				INFOPLIST_FILE = ShadowVPN/Info.plist;
				LD_RUNPATH_SEARCH_PATHS = "$(inherited) @executable_path/Frameworks";
				PRODUCT_BUNDLE_IDENTIFIER = clowwindy.ShadowVPN;
				PRODUCT_NAME = "$(TARGET_NAME)";
			};
			name = Release;
		};
/* End XCBuildConfiguration section */

/* Begin XCConfigurationList section */
		62A427481B5A3C9700BB4AD9 /* Build configuration list for PBXProject "ShadowVPN" */ = {
			isa = XCConfigurationList;
			buildConfigurations = (
				62A4275D1B5A3C9700BB4AD9 /* Debug */,
				62A4275E1B5A3C9700BB4AD9 /* Release */,
			);
			defaultConfigurationIsVisible = 0;
			defaultConfigurationName = Release;
		};
		62A4275F1B5A3C9700BB4AD9 /* Build configuration list for PBXNativeTarget "ShadowVPN" */ = {
			isa = XCConfigurationList;
			buildConfigurations = (
				62A427601B5A3C9700BB4AD9 /* Debug */,
				62A427611B5A3C9700BB4AD9 /* Release */,
			);
			defaultConfigurationIsVisible = 0;
		};
/* End XCConfigurationList section */
	};
	rootObject = 62A427451B5A3C9700BB4AD9 /* Project object */;
}
